
Microsoft Visual Studio Solution File, Format Version 12.00
# Visual Studio Version 17
VisualStudioVersion = 17.6.33829.357
MinimumVisualStudioVersion = 10.0.40219.1
Project("{9A19103F-16F7-4668-BE54-9A1E7A4F7556}") = "API", "src\API\API.csproj", "{75403DFF-8118-4E39-BC3A-30325AFA4F96}"
EndProject
Project("{9A19103F-16F7-4668-BE54-9A1E7A4F7556}") = "Application", "src\application\Application.csproj", "{81893F1E-D0F9-4057-99E4-3820A6B0B08F}"
EndProject
Project("{9A19103F-16F7-4668-BE54-9A1E7A4F7556}") = "Authorization", "src\Authorization\Authorization.csproj", "{661634EA-564B-4317-A34B-30097B907AA6}"
EndProject
Project("{9A19103F-16F7-4668-BE54-9A1E7A4F7556}") = "Domain", "src\Domain\Domain.csproj", "{4FD8E45C-AF7B-4856-BCA9-EC4A8385F350}"
EndProject
Project("{9A19103F-16F7-4668-BE54-9A1E7A4F7556}") = "Infrastructure", "src\Infrastructure\Infrastructure.csproj", "{7928B211-294F-4140-97A0-53E91F8348DE}"
EndProject
Global
	GlobalSection(SolutionConfigurationPlatforms) = preSolution
		Debug|Any CPU = Debug|Any CPU
		Release|Any CPU = Release|Any CPU
	EndGlobalSection
	GlobalSection(ProjectConfigurationPlatforms) = postSolution
		{75403DFF-8118-4E39-BC3A-30325AFA4F96}.Debug|Any CPU.ActiveCfg = Debug|Any CPU
		{75403DFF-8118-4E39-BC3A-30325AFA4F96}.Debug|Any CPU.Build.0 = Debug|Any CPU
		{75403DFF-8118-4E39-BC3A-30325AFA4F96}.Release|Any CPU.ActiveCfg = Release|Any CPU
		{75403DFF-8118-4E39-BC3A-30325AFA4F96}.Release|Any CPU.Build.0 = Release|Any CPU
		{81893F1E-D0F9-4057-99E4-3820A6B0B08F}.Debug|Any CPU.ActiveCfg = Debug|Any CPU
		{81893F1E-D0F9-4057-99E4-3820A6B0B08F}.Debug|Any CPU.Build.0 = Debug|Any CPU
		{81893F1E-D0F9-4057-99E4-3820A6B0B08F}.Release|Any CPU.ActiveCfg = Release|Any CPU
		{81893F1E-D0F9-4057-99E4-3820A6B0B08F}.Release|Any CPU.Build.0 = Release|Any CPU
		{661634EA-564B-4317-A34B-30097B907AA6}.Debug|Any CPU.ActiveCfg = Debug|Any CPU
		{661634EA-564B-4317-A34B-30097B907AA6}.Debug|Any CPU.Build.0 = Debug|Any CPU
		{661634EA-564B-4317-A34B-30097B907AA6}.Release|Any CPU.ActiveCfg = Release|Any CPU
		{661634EA-564B-4317-A34B-30097B907AA6}.Release|Any CPU.Build.0 = Release|Any CPU
		{4FD8E45C-AF7B-4856-BCA9-EC4A8385F350}.Debug|Any CPU.ActiveCfg = Debug|Any CPU
		{4FD8E45C-AF7B-4856-BCA9-EC4A8385F350}.Debug|Any CPU.Build.0 = Debug|Any CPU
		{4FD8E45C-AF7B-4856-BCA9-EC4A8385F350}.Release|Any CPU.ActiveCfg = Release|Any CPU
		{4FD8E45C-AF7B-4856-BCA9-EC4A8385F350}.Release|Any CPU.Build.0 = Release|Any CPU
		{7928B211-294F-4140-97A0-53E91F8348DE}.Debug|Any CPU.ActiveCfg = Debug|Any CPU
		{7928B211-294F-4140-97A0-53E91F8348DE}.Debug|Any CPU.Build.0 = Debug|Any CPU
		{7928B211-294F-4140-97A0-53E91F8348DE}.Release|Any CPU.ActiveCfg = Release|Any CPU
		{7928B211-294F-4140-97A0-53E91F8348DE}.Release|Any CPU.Build.0 = Release|Any CPU
	EndGlobalSection
	GlobalSection(SolutionProperties) = preSolution
		HideSolutionNode = FALSE
	EndGlobalSection
	GlobalSection(ExtensibilityGlobals) = postSolution
		SolutionGuid = {00FC4B7B-C5AB-4D0E-A348-83785BD316AD}
	EndGlobalSection
EndGlobal
